
Microsoft Visual Studio Solution File, Format Version 12.00
# Visual Studio Version 16
VisualStudioVersion = 16.0.29509.3
MinimumVisualStudioVersion = 10.0.40219.1
Project("{FAE04EC0-301F-11D3-BF4B-00C04F79EFBC}") = "Lab5_4EnumStructCreatingMario", "Lab5_4EnumStructCreatingMario.csproj", "{83ED216C-C380-4137-9E1B-EB633226EE7C}"
EndProject
Global
	GlobalSection(SolutionConfigurationPlatforms) = preSolution
		Debug|Any CPU = Debug|Any CPU
		Release|Any CPU = Release|Any CPU
	EndGlobalSection
	GlobalSection(ProjectConfigurationPlatforms) = postSolution
		{83ED216C-C380-4137-9E1B-EB633226EE7C}.Debug|Any CPU.ActiveCfg = Debug|Any CPU
		{83ED216C-C380-4137-9E1B-EB633226EE7C}.Debug|Any CPU.Build.0 = Debug|Any CPU
		{83ED216C-C380-4137-9E1B-EB633226EE7C}.Release|Any CPU.ActiveCfg = Release|Any CPU
		{83ED216C-C380-4137-9E1B-EB633226EE7C}.Release|Any CPU.Build.0 = Release|Any CPU
	EndGlobalSection
	GlobalSection(SolutionProperties) = preSolution
		HideSolutionNode = FALSE
	EndGlobalSection
	GlobalSection(ExtensibilityGlobals) = postSolution
		SolutionGuid = {020C2E80-3614-4A12-9B65-F03D3EA5A2F7}
	EndGlobalSection
EndGlobal
